{
  "name": "vue-admin-template",
  "version": "3.6.0",
  "lockfileVersion": 1,
  "requires": true,
  "dependencies": {
    "@handsontable/vue": {
      "version": "2.0.0-beta1",
      "resolved": "http://registry.npm.taobao.org/@handsontable/vue/download/@handsontable/vue-2.0.0-beta1.tgz",
      "integrity": "sha1-gbtyfbvimo8kGBYyhkohsm0illo="
    }
  }
}
